PODS:
  - DVR (2.0.0)
  - SAMKeychain (1.5.3)

DEPENDENCIES:
  - DVR
  - SAMKeychain

SPEC REPOS:
  https://github.com/cocoapods/specs.git:
    - DVR
    - SAMKeychain

SPEC CHECKSUMS:
  DVR: 062c287b9dc613a84120e44640176e4ef3ecf943
  SAMKeychain: 483e1c9f32984d50ca961e26818a534283b4cd5c

PODFILE CHECKSUM: eae460ef457e56212d6749e5f51c137b42b6444f

COCOAPODS: 1.5.3
